
Microsoft Visual Studio Solution File, Format Version 12.00
# Visual Studio Version 17
VisualStudioVersion = 17.5.002.0
MinimumVisualStudioVersion = 10.0.40219.1
Project("{2150E333-8FDC-42A3-9474-1A3956D46DE8}") = "prepare", "prepare", "{099F6610-719E-44CD-8447-BC5AFDD6C12A}"
EndProject
Project("{9A19103F-16F7-4668-BE54-9A1E7A4F7556}") = "Learning02", "prepare\Learning02\Learning02.csproj", "{531FDFA2-93DA-4E2E-AD91-8756F206B30A}"
EndProject
Project("{9A19103F-16F7-4668-BE54-9A1E7A4F7556}") = "Learning05", "prepare\Learning05\Learning05.csproj", "{B656C63B-E37F-42D6-A861-E2230A280DAC}"
EndProject
Project("{9A19103F-16F7-4668-BE54-9A1E7A4F7556}") = "Learning04", "prepare\Learning04\Learning04.csproj", "{6D744309-699A-469D-A1B3-4620D8853E1B}"
EndProject
Project("{9A19103F-16F7-4668-BE54-9A1E7A4F7556}") = "Learning03", "prepare\Learning03\Learning03.csproj", "{A3E73287-8F8C-4B8D-8373-D837FDD3ECC8}"
EndProject
Project("{2150E333-8FDC-42A3-9474-1A3956D46DE8}") = "prove", "prove", "{ED3EE161-5721-4892-A23D-6223B8826928}"
EndProject
Project("{9A19103F-16F7-4668-BE54-9A1E7A4F7556}") = "Develop03", "prove\Develop03\Develop03.csproj", "{BF499CD6-C747-4FFA-AA20-95FA28CD2BBD}"
EndProject
Project("{9A19103F-16F7-4668-BE54-9A1E7A4F7556}") = "Develop04", "prove\Develop04\Develop04.csproj", "{CCDACFC8-DFFF-4DAA-8938-B4BF80964DCF}"
EndProject
Project("{9A19103F-16F7-4668-BE54-9A1E7A4F7556}") = "Develop05", "prove\Develop05\Develop05.csproj", "{E89D163D-7F0B-4853-9CAE-4D8D1EEEAA79}"
EndProject
Project("{9A19103F-16F7-4668-BE54-9A1E7A4F7556}") = "Develop02", "prove\Develop02\Develop02.csproj", "{029B8C76-4640-4E7E-94AC-3E6856D3B6E0}"
EndProject
Project("{2150E333-8FDC-42A3-9474-1A3956D46DE8}") = "sandbox", "sandbox", "{01625E38-7DD5-4A5B-8051-44FDA3040337}"
EndProject
Project("{9A19103F-16F7-4668-BE54-9A1E7A4F7556}") = "Sandbox", "sandbox\Sandbox\Sandbox.csproj", "{6FD37B0E-EC12-43E2-8203-48AF6FCF0D90}"
EndProject
Project("{2150E333-8FDC-42A3-9474-1A3956D46DE8}") = "final", "final", "{D06E2AD9-C7AB-482E-BDEA-C297B040586E}"
EndProject
Project("{9A19103F-16F7-4668-BE54-9A1E7A4F7556}") = "FinalProject", "final\FinalProject\FinalProject.csproj", "{FEA829F3-FABE-4635-ACF2-C9C6DC51063A}"
EndProject
Project("{9A19103F-16F7-4668-BE54-9A1E7A4F7556}") = "Foundation1", "final\Foundation1\Foundation1.csproj", "{E34C1337-CC6F-4A8E-BB3E-0E1FC8F3DDC8}"
EndProject
Project("{9A19103F-16F7-4668-BE54-9A1E7A4F7556}") = "Foundation4", "final\Foundation4\Foundation4.csproj", "{F14FC091-6433-4E91-97CC-01CB352F0C9E}"
EndProject
Project("{9A19103F-16F7-4668-BE54-9A1E7A4F7556}") = "Foundation3", "final\Foundation3\Foundation3.csproj", "{8CB49031-70CB-42DA-B61C-92A9904685EC}"
EndProject
Project("{9A19103F-16F7-4668-BE54-9A1E7A4F7556}") = "Foundation2", "final\Foundation2\Foundation2.csproj", "{E01DC5FD-D32E-4E00-BB10-40C547CEF1EC}"
EndProject
Project("{2150E333-8FDC-42A3-9474-1A3956D46DE8}") = "csharp-prep", "csharp-prep", "{3D600046-6C5E-4B48-B8F8-75BE93A9DD58}"
EndProject
Project("{9A19103F-16F7-4668-BE54-9A1E7A4F7556}") = "Prep1", "csharp-prep\Prep1\Prep1.csproj", "{2433DF59-6B8C-4112-964E-FA9D02ED4C02}"
EndProject
Project("{9A19103F-16F7-4668-BE54-9A1E7A4F7556}") = "Prep5", "csharp-prep\Prep5\Prep5.csproj", "{D1494F9A-C908-4737-8C3A-30EA4D064115}"
EndProject
Project("{9A19103F-16F7-4668-BE54-9A1E7A4F7556}") = "Prep2", "csharp-prep\Prep2\Prep2.csproj", "{2A29B352-EE8E-4B50-AF6A-71438BFA5BAF}"
EndProject
Project("{9A19103F-16F7-4668-BE54-9A1E7A4F7556}") = "Prep3", "csharp-prep\Prep3\Prep3.csproj", "{51792EE1-FAE5-48E9-BC5A-C9C445113F4E}"
EndProject
Project("{9A19103F-16F7-4668-BE54-9A1E7A4F7556}") = "Prep4", "csharp-prep\Prep4\Prep4.csproj", "{41EA096E-9597-4D50-914D-6803F29F2F4B}"
EndProject
Global
	GlobalSection(SolutionConfigurationPlatforms) = preSolution
		Debug|Any CPU = Debug|Any CPU
		Release|Any CPU = Release|Any CPU
	EndGlobalSection
	GlobalSection(ProjectConfigurationPlatforms) = postSolution
		{531FDFA2-93DA-4E2E-AD91-8756F206B30A}.Debug|Any CPU.ActiveCfg = Debug|Any CPU
		{531FDFA2-93DA-4E2E-AD91-8756F206B30A}.Debug|Any CPU.Build.0 = Debug|Any CPU
		{531FDFA2-93DA-4E2E-AD91-8756F206B30A}.Release|Any CPU.ActiveCfg = Release|Any CPU
		{531FDFA2-93DA-4E2E-AD91-8756F206B30A}.Release|Any CPU.Build.0 = Release|Any CPU
		{B656C63B-E37F-42D6-A861-E2230A280DAC}.Debug|Any CPU.ActiveCfg = Debug|Any CPU
		{B656C63B-E37F-42D6-A861-E2230A280DAC}.Debug|Any CPU.Build.0 = Debug|Any CPU
		{B656C63B-E37F-42D6-A861-E2230A280DAC}.Release|Any CPU.ActiveCfg = Release|Any CPU
		{B656C63B-E37F-42D6-A861-E2230A280DAC}.Release|Any CPU.Build.0 = Release|Any CPU
		{6D744309-699A-469D-A1B3-4620D8853E1B}.Debug|Any CPU.ActiveCfg = Debug|Any CPU
		{6D744309-699A-469D-A1B3-4620D8853E1B}.Debug|Any CPU.Build.0 = Debug|Any CPU
		{6D744309-699A-469D-A1B3-4620D8853E1B}.Release|Any CPU.ActiveCfg = Release|Any CPU
		{6D744309-699A-469D-A1B3-4620D8853E1B}.Release|Any CPU.Build.0 = Release|Any CPU
		{A3E73287-8F8C-4B8D-8373-D837FDD3ECC8}.Debug|Any CPU.ActiveCfg = Debug|Any CPU
		{A3E73287-8F8C-4B8D-8373-D837FDD3ECC8}.Debug|Any CPU.Build.0 = Debug|Any CPU
		{A3E73287-8F8C-4B8D-8373-D837FDD3ECC8}.Release|Any CPU.ActiveCfg = Release|Any CPU
		{A3E73287-8F8C-4B8D-8373-D837FDD3ECC8}.Release|Any CPU.Build.0 = Release|Any CPU
		{BF499CD6-C747-4FFA-AA20-95FA28CD2BBD}.Debug|Any CPU.ActiveCfg = Debug|Any CPU
		{BF499CD6-C747-4FFA-AA20-95FA28CD2BBD}.Debug|Any CPU.Build.0 = Debug|Any CPU
		{BF499CD6-C747-4FFA-AA20-95FA28CD2BBD}.Release|Any CPU.ActiveCfg = Release|Any CPU
		{BF499CD6-C747-4FFA-AA20-95FA28CD2BBD}.Release|Any CPU.Build.0 = Release|Any CPU
		{CCDACFC8-DFFF-4DAA-8938-B4BF80964DCF}.Debug|Any CPU.ActiveCfg = Debug|Any CPU
		{CCDACFC8-DFFF-4DAA-8938-B4BF80964DCF}.Debug|Any CPU.Build.0 = Debug|Any CPU
		{CCDACFC8-DFFF-4DAA-8938-B4BF80964DCF}.Release|Any CPU.ActiveCfg = Release|Any CPU
		{CCDACFC8-DFFF-4DAA-8938-B4BF80964DCF}.Release|Any CPU.Build.0 = Release|Any CPU
		{E89D163D-7F0B-4853-9CAE-4D8D1EEEAA79}.Debug|Any CPU.ActiveCfg = Debug|Any CPU
		{E89D163D-7F0B-4853-9CAE-4D8D1EEEAA79}.Debug|Any CPU.Build.0 = Debug|Any CPU
		{E89D163D-7F0B-4853-9CAE-4D8D1EEEAA79}.Release|Any CPU.ActiveCfg = Release|Any CPU
		{E89D163D-7F0B-4853-9CAE-4D8D1EEEAA79}.Release|Any CPU.Build.0 = Release|Any CPU
		{029B8C76-4640-4E7E-94AC-3E6856D3B6E0}.Debug|Any CPU.ActiveCfg = Debug|Any CPU
		{029B8C76-4640-4E7E-94AC-3E6856D3B6E0}.Debug|Any CPU.Build.0 = Debug|Any CPU
		{029B8C76-4640-4E7E-94AC-3E6856D3B6E0}.Release|Any CPU.ActiveCfg = Release|Any CPU
		{029B8C76-4640-4E7E-94AC-3E6856D3B6E0}.Release|Any CPU.Build.0 = Release|Any CPU
		{6FD37B0E-EC12-43E2-8203-48AF6FCF0D90}.Debug|Any CPU.ActiveCfg = Debug|Any CPU
		{6FD37B0E-EC12-43E2-8203-48AF6FCF0D90}.Debug|Any CPU.Build.0 = Debug|Any CPU
		{6FD37B0E-EC12-43E2-8203-48AF6FCF0D90}.Release|Any CPU.ActiveCfg = Release|Any CPU
		{6FD37B0E-EC12-43E2-8203-48AF6FCF0D90}.Release|Any CPU.Build.0 = Release|Any CPU
		{FEA829F3-FABE-4635-ACF2-C9C6DC51063A}.Debug|Any CPU.ActiveCfg = Debug|Any CPU
		{FEA829F3-FABE-4635-ACF2-C9C6DC51063A}.Debug|Any CPU.Build.0 = Debug|Any CPU
		{FEA829F3-FABE-4635-ACF2-C9C6DC51063A}.Release|Any CPU.ActiveCfg = Release|Any CPU
		{FEA829F3-FABE-4635-ACF2-C9C6DC51063A}.Release|Any CPU.Build.0 = Release|Any CPU
		{E34C1337-CC6F-4A8E-BB3E-0E1FC8F3DDC8}.Debug|Any CPU.ActiveCfg = Debug|Any CPU
		{E34C1337-CC6F-4A8E-BB3E-0E1FC8F3DDC8}.Debug|Any CPU.Build.0 = Debug|Any CPU
		{E34C1337-CC6F-4A8E-BB3E-0E1FC8F3DDC8}.Release|Any CPU.ActiveCfg = Release|Any CPU
		{E34C1337-CC6F-4A8E-BB3E-0E1FC8F3DDC8}.Release|Any CPU.Build.0 = Release|Any CPU
		{F14FC091-6433-4E91-97CC-01CB352F0C9E}.Debug|Any CPU.ActiveCfg = Debug|Any CPU
		{F14FC091-6433-4E91-97CC-01CB352F0C9E}.Debug|Any CPU.Build.0 = Debug|Any CPU
		{F14FC091-6433-4E91-97CC-01CB352F0C9E}.Release|Any CPU.ActiveCfg = Release|Any CPU
		{F14FC091-6433-4E91-97CC-01CB352F0C9E}.Release|Any CPU.Build.0 = Release|Any CPU
		{8CB49031-70CB-42DA-B61C-92A9904685EC}.Debug|Any CPU.ActiveCfg = Debug|Any CPU
		{8CB49031-70CB-42DA-B61C-92A9904685EC}.Debug|Any CPU.Build.0 = Debug|Any CPU
		{8CB49031-70CB-42DA-B61C-92A9904685EC}.Release|Any CPU.ActiveCfg = Release|Any CPU
		{8CB49031-70CB-42DA-B61C-92A9904685EC}.Release|Any CPU.Build.0 = Release|Any CPU
		{E01DC5FD-D32E-4E00-BB10-40C547CEF1EC}.Debug|Any CPU.ActiveCfg = Debug|Any CPU
		{E01DC5FD-D32E-4E00-BB10-40C547CEF1EC}.Debug|Any CPU.Build.0 = Debug|Any CPU
		{E01DC5FD-D32E-4E00-BB10-40C547CEF1EC}.Release|Any CPU.ActiveCfg = Release|Any CPU
		{E01DC5FD-D32E-4E00-BB10-40C547CEF1EC}.Release|Any CPU.Build.0 = Release|Any CPU
		{2433DF59-6B8C-4112-964E-FA9D02ED4C02}.Debug|Any CPU.ActiveCfg = Debug|Any CPU
		{2433DF59-6B8C-4112-964E-FA9D02ED4C02}.Debug|Any CPU.Build.0 = Debug|Any CPU
		{2433DF59-6B8C-4112-964E-FA9D02ED4C02}.Release|Any CPU.ActiveCfg = Release|Any CPU
		{2433DF59-6B8C-4112-964E-FA9D02ED4C02}.Release|Any CPU.Build.0 = Release|Any CPU
		{D1494F9A-C908-4737-8C3A-30EA4D064115}.Debug|Any CPU.ActiveCfg = Debug|Any CPU
		{D1494F9A-C908-4737-8C3A-30EA4D064115}.Debug|Any CPU.Build.0 = Debug|Any CPU
		{D1494F9A-C908-4737-8C3A-30EA4D064115}.Release|Any CPU.ActiveCfg = Release|Any CPU
		{D1494F9A-C908-4737-8C3A-30EA4D064115}.Release|Any CPU.Build.0 = Release|Any CPU
		{2A29B352-EE8E-4B50-AF6A-71438BFA5BAF}.Debug|Any CPU.ActiveCfg = Debug|Any CPU
		{2A29B352-EE8E-4B50-AF6A-71438BFA5BAF}.Debug|Any CPU.Build.0 = Debug|Any CPU
		{2A29B352-EE8E-4B50-AF6A-71438BFA5BAF}.Release|Any CPU.ActiveCfg = Release|Any CPU
		{2A29B352-EE8E-4B50-AF6A-71438BFA5BAF}.Release|Any CPU.Build.0 = Release|Any CPU
		{51792EE1-FAE5-48E9-BC5A-C9C445113F4E}.Debug|Any CPU.ActiveCfg = Debug|Any CPU
		{51792EE1-FAE5-48E9-BC5A-C9C445113F4E}.Debug|Any CPU.Build.0 = Debug|Any CPU
		{51792EE1-FAE5-48E9-BC5A-C9C445113F4E}.Release|Any CPU.ActiveCfg = Release|Any CPU
		{51792EE1-FAE5-48E9-BC5A-C9C445113F4E}.Release|Any CPU.Build.0 = Release|Any CPU
		{41EA096E-9597-4D50-914D-6803F29F2F4B}.Debug|Any CPU.ActiveCfg = Debug|Any CPU
		{41EA096E-9597-4D50-914D-6803F29F2F4B}.Debug|Any CPU.Build.0 = Debug|Any CPU
		{41EA096E-9597-4D50-914D-6803F29F2F4B}.Release|Any CPU.ActiveCfg = Release|Any CPU
		{41EA096E-9597-4D50-914D-6803F29F2F4B}.Release|Any CPU.Build.0 = Release|Any CPU
	EndGlobalSection
	GlobalSection(SolutionProperties) = preSolution
		HideSolutionNode = FALSE
	EndGlobalSection
	GlobalSection(NestedProjects) = preSolution
		{531FDFA2-93DA-4E2E-AD91-8756F206B30A} = {099F6610-719E-44CD-8447-BC5AFDD6C12A}
		{B656C63B-E37F-42D6-A861-E2230A280DAC} = {099F6610-719E-44CD-8447-BC5AFDD6C12A}
		{6D744309-699A-469D-A1B3-4620D8853E1B} = {099F6610-719E-44CD-8447-BC5AFDD6C12A}
		{A3E73287-8F8C-4B8D-8373-D837FDD3ECC8} = {099F6610-719E-44CD-8447-BC5AFDD6C12A}
		{BF499CD6-C747-4FFA-AA20-95FA28CD2BBD} = {ED3EE161-5721-4892-A23D-6223B8826928}
		{CCDACFC8-DFFF-4DAA-8938-B4BF80964DCF} = {ED3EE161-5721-4892-A23D-6223B8826928}
		{E89D163D-7F0B-4853-9CAE-4D8D1EEEAA79} = {ED3EE161-5721-4892-A23D-6223B8826928}
		{029B8C76-4640-4E7E-94AC-3E6856D3B6E0} = {ED3EE161-5721-4892-A23D-6223B8826928}
		{6FD37B0E-EC12-43E2-8203-48AF6FCF0D90} = {01625E38-7DD5-4A5B-8051-44FDA3040337}
		{FEA829F3-FABE-4635-ACF2-C9C6DC51063A} = {D06E2AD9-C7AB-482E-BDEA-C297B040586E}
		{E34C1337-CC6F-4A8E-BB3E-0E1FC8F3DDC8} = {D06E2AD9-C7AB-482E-BDEA-C297B040586E}
		{F14FC091-6433-4E91-97CC-01CB352F0C9E} = {D06E2AD9-C7AB-482E-BDEA-C297B040586E}
		{8CB49031-70CB-42DA-B61C-92A9904685EC} = {D06E2AD9-C7AB-482E-BDEA-C297B040586E}
		{E01DC5FD-D32E-4E00-BB10-40C547CEF1EC} = {D06E2AD9-C7AB-482E-BDEA-C297B040586E}
		{2433DF59-6B8C-4112-964E-FA9D02ED4C02} = {3D600046-6C5E-4B48-B8F8-75BE93A9DD58}
		{D1494F9A-C908-4737-8C3A-30EA4D064115} = {3D600046-6C5E-4B48-B8F8-75BE93A9DD58}
		{2A29B352-EE8E-4B50-AF6A-71438BFA5BAF} = {3D600046-6C5E-4B48-B8F8-75BE93A9DD58}
		{51792EE1-FAE5-48E9-BC5A-C9C445113F4E} = {3D600046-6C5E-4B48-B8F8-75BE93A9DD58}
		{41EA096E-9597-4D50-914D-6803F29F2F4B} = {3D600046-6C5E-4B48-B8F8-75BE93A9DD58}
	EndGlobalSection
	GlobalSection(ExtensibilityGlobals) = postSolution
		SolutionGuid = {1D80B3A7-3D9F-4C0E-A91E-456A45139C39}
	EndGlobalSection
EndGlobal
